{
  "lockfile_version": "1",
  "packages": {
    "github:NixOS/nixpkgs/nixpkgs-unstable": {
      "last_modified": "2025-12-11T04:04:52Z",
      "resolved": "github:NixOS/nixpkgs/5d6bdbddb4695a62f0d00a3620b37a15275a5093?lastModified=1765425892&narHash=sha256-jlQpSkg2sK6IJVzTQBDyRxQZgKADC2HKMRfGCSgNMHo%3D"
    },
    "go@1.24.5": {
      "last_modified": "2025-07-28T17:09:23Z",
      "resolved": "github:NixOS/nixpkgs/648f70160c03151bc2121d179291337ad6bc564b#go",
      "source": "devbox-search",
      "version": "1.24.5",
      "systems": {
        "aarch64-darwin": {
          "outputs": [
            {
              "name": "out",
              "path": "/nix/store/kw1vd98s15vj700m3gx2x2xca2z477i3-go-1.24.5",
              "default": true
            }
          ],
          "store_path": "/nix/store/kw1vd98s15vj700m3gx2x2xca2z477i3-go-1.24.5"
        },
        "aarch64-linux": {
          "outputs": [
            {
              "name": "out",
              "path": "/nix/store/5bzlaj0c4mqw9p0zrcx5g9vz16vd45dl-go-1.24.5",
              "default": true
            }
          ],
          "store_path": "/nix/store/5bzlaj0c4mqw9p0zrcx5g9vz16vd45dl-go-1.24.5"
        },
        "x86_64-darwin": {
          "outputs": [
            {
              "name": "out",
              "path": "/nix/store/b72n20ixzl5ja9vciwahkr30bhmsn5jc-go-1.24.5",
              "default": true
            }
          ],
          "store_path": "/nix/store/b72n20ixzl5ja9vciwahkr30bhmsn5jc-go-1.24.5"
        },
        "x86_64-linux": {
          "outputs": [
            {
              "name": "out",
              "path": "/nix/store/y4awwzp30ka130wmjrpaqjmjdf9p010w-go-1.24.5",
              "default": true
            }
          ],
          "store_path": "/nix/store/y4awwzp30ka130wmjrpaqjmjdf9p010w-go-1.24.5"
        }
      }
    },
    "golangci-lint@2.7.1": {
      "last_modified": "2025-12-04T22:20:37Z",
      "resolved": "github:NixOS/nixpkgs/bd88d6c13ab85cc842b93d53f68d6d40412e5a18#golangci-lint",
      "source": "devbox-search",
      "version": "2.7.1",
      "systems": {
        "aarch64-darwin": {
          "outputs": [
            {
              "name": "out",
              "path": "/nix/store/agkaa31hdaaj28684m7saql6mybmw7pz-golangci-lint-2.7.1",
              "default": true
            }
          ],
          "store_path": "/nix/store/agkaa31hdaaj28684m7saql6mybmw7pz-golangci-lint-2.7.1"
        },
        "aarch64-linux": {
          "outputs": [
            {
              "name": "out",
              "path": "/nix/store/lv9kilr09rgs9h81cir415m0r7cqpv18-golangci-lint-2.7.1",
              "default": true
            }
          ],
          "store_path": "/nix/store/lv9kilr09rgs9h81cir415m0r7cqpv18-golangci-lint-2.7.1"
        },
        "x86_64-darwin": {
          "outputs": [
            {
              "name": "out",
              "path": "/nix/store/y936ninfl4jw3ak8b39k90fn58a3s9q0-golangci-lint-2.7.1",
              "default": true
            }
          ],
          "store_path": "/nix/store/y936ninfl4jw3ak8b39k90fn58a3s9q0-golangci-lint-2.7.1"
        },
        "x86_64-linux": {
          "outputs": [
            {
              "name": "out",
              "path": "/nix/store/ibrfrnlbggncd1mcmb7fifvkppycc8cq-golangci-lint-2.7.1",
              "default": true
            }
          ],
          "store_path": "/nix/store/ibrfrnlbggncd1mcmb7fifvkppycc8cq-golangci-lint-2.7.1"
        }
      }
    }
  }
}
